// !$*UTF8*$!
{
	archiveVersion = 1;
	classes = {
	};
	objectVersion = 46;
	objects = {

/* Begin PBXBuildFile section */
		187843FA1FC02A8B00DEFA51 /* AppDelegate.swift in Sources */ = {isa = PBXBuildFile; fileRef = 187843F91FC02A8B00DEFA51 /* AppDelegate.swift */; };
		187843FC1FC02A8B00DEFA51 /* ViewController.swift in Sources */ = {isa = PBXBuildFile; fileRef = 187843FB1FC02A8B00DEFA51 /* ViewController.swift */; };
		187843FF1FC02A8B00DEFA51 /* Main.storyboard in Resources */ = {isa = PBXBuildFile; fileRef = 187843FD1FC02A8B00DEFA51 /* Main.storyboard */; };
		187844011FC02A8B00DEFA51 /* Assets.xcassets in Resources */ = {isa = PBXBuildFile; fileRef = 187844001FC02A8B00DEFA51 /* Assets.xcassets */; };
		187844041FC02A8B00DEFA51 /* LaunchScreen.storyboard in Resources */ = {isa = PBXBuildFile; fileRef = 187844021FC02A8B00DEFA51 /* LaunchScreen.storyboard */; };
		1878440F1FC02A8B00DEFA51 /* seventTests.swift in Sources */ = {isa = PBXBuildFile; fileRef = 1878440E1FC02A8B00DEFA51 /* seventTests.swift */; };
		1878441A1FC02A8B00DEFA51 /* seventUITests.swift in Sources */ = {isa = PBXBuildFile; fileRef = 187844191FC02A8B00DEFA51 /* seventUITests.swift */; };
		187844281FC02A9F00DEFA51 /* samplePhoto.jpeg in Resources */ = {isa = PBXBuildFile; fileRef = 187844271FC02A9F00DEFA51 /* samplePhoto.jpeg */; };
/* End PBXBuildFile section */

/* Begin PBXContainerItemProxy section */
		1878440B1FC02A8B00DEFA51 /* PBXContainerItemProxy */ = {
			isa = PBXContainerItemProxy;
			containerPortal = 187843EE1FC02A8B00DEFA51 /* Project object */;
			proxyType = 1;
			remoteGlobalIDString = 187843F51FC02A8B00DEFA51;
			remoteInfo = sevent;
		};
		187844161FC02A8B00DEFA51 /* PBXContainerItemProxy */ = {
			isa = PBXContainerItemProxy;
			containerPortal = 187843EE1FC02A8B00DEFA51 /* Project object */;
			proxyType = 1;
			remoteGlobalIDString = 187843F51FC02A8B00DEFA51;
			remoteInfo = sevent;
		};
/* End PBXContainerItemProxy section */

/* Begin PBXFileReference section */
		187843F61FC02A8B00DEFA51 /* sevent.app */ = {isa = PBXFileReference; explicitFileType = wrapper.application; includeInIndex = 0; path = sevent.app; sourceTree = BUILT_PRODUCTS_DIR; };
		187843F91FC02A8B00DEFA51 /* AppDelegate.swift */ = {isa = PBXFileReference; lastKnownFileType = sourcecode.swift; path = AppDelegate.swift; sourceTree = "<group>"; };
		187843FB1FC02A8B00DEFA51 /* ViewController.swift */ = {isa = PBXFileReference; lastKnownFileType = sourcecode.swift; path = ViewController.swift; sourceTree = "<group>"; };
		187843FE1FC02A8B00DEFA51 /* Base */ = {isa = PBXFileReference; lastKnownFileType = file.storyboard; name = Base; path = Base.lproj/Main.storyboard; sourceTree = "<group>"; };
		187844001FC02A8B00DEFA51 /* Assets.xcassets */ = {isa = PBXFileReference; lastKnownFileType = folder.assetcatalog; path = Assets.xcassets; sourceTree = "<group>"; };
		187844031FC02A8B00DEFA51 /* Base */ = {isa = PBXFileReference; lastKnownFileType = file.storyboard; name = Base; path = Base.lproj/LaunchScreen.storyboard; sourceTree = "<group>"; };
		187844051FC02A8B00DEFA51 /* Info.plist */ = {isa = PBXFileReference; lastKnownFileType = text.plist.xml; path = Info.plist; sourceTree = "<group>"; };
		1878440A1FC02A8B00DEFA51 /* seventTests.xctest */ = {isa = PBXFileReference; explicitFileType = wrapper.cfbundle; includeInIndex = 0; path = seventTests.xctest; sourceTree = BUILT_PRODUCTS_DIR; };
		1878440E1FC02A8B00DEFA51 /* seventTests.swift */ = {isa = PBXFileReference; lastKnownFileType = sourcecode.swift; path = seventTests.swift; sourceTree = "<group>"; };
		187844101FC02A8B00DEFA51 /* Info.plist */ = {isa = PBXFileReference; lastKnownFileType = text.plist.xml; path = Info.plist; sourceTree = "<group>"; };
		187844151FC02A8B00DEFA51 /* seventUITests.xctest */ = {isa = PBXFileReference; explicitFileType = wrapper.cfbundle; includeInIndex = 0; path = seventUITests.xctest; sourceTree = BUILT_PRODUCTS_DIR; };
		187844191FC02A8B00DEFA51 /* seventUITests.swift */ = {isa = PBXFileReference; lastKnownFileType = sourcecode.swift; path = seventUITests.swift; sourceTree = "<group>"; };
		1878441B1FC02A8B00DEFA51 /* Info.plist */ = {isa = PBXFileReference; lastKnownFileType = text.plist.xml; path = Info.plist; sourceTree = "<group>"; };
		187844271FC02A9F00DEFA51 /* samplePhoto.jpeg */ = {isa = PBXFileReference; lastKnownFileType = image.jpeg; name = samplePhoto.jpeg; path = ../samplePhoto.jpeg; sourceTree = "<group>"; };
/* End PBXFileReference section */

/* Begin PBXFrameworksBuildPhase section */
		187843F31FC02A8B00DEFA51 /* Frameworks */ = {
			isa = PBXFrameworksBuildPhase;
			buildActionMask = 2147483647;
			files = (
			);
			runOnlyForDeploymentPostprocessing = 0;
		};
		187844071FC02A8B00DEFA51 /* Frameworks */ = {
			isa = PBXFrameworksBuildPhase;
			buildActionMask = 2147483647;
			files = (
			);
			runOnlyForDeploymentPostprocessing = 0;
		};
		187844121FC02A8B00DEFA51 /* Frameworks */ = {
			isa = PBXFrameworksBuildPhase;
			buildActionMask = 2147483647;
			files = (
			);
			runOnlyForDeploymentPostprocessing = 0;
		};
/* End PBXFrameworksBuildPhase section */

/* Begin PBXGroup section */
		187843ED1FC02A8B00DEFA51 = {
			isa = PBXGroup;
			children = (
				187843F81FC02A8B00DEFA51 /* sevent */,
				1878440D1FC02A8B00DEFA51 /* seventTests */,
				187844181FC02A8B00DEFA51 /* seventUITests */,
				187843F71FC02A8B00DEFA51 /* Products */,
			);
			sourceTree = "<group>";
		};
		187843F71FC02A8B00DEFA51 /* Products */ = {
			isa = PBXGroup;
			children = (
				187843F61FC02A8B00DEFA51 /* sevent.app */,
				1878440A1FC02A8B00DEFA51 /* seventTests.xctest */,
				187844151FC02A8B00DEFA51 /* seventUITests.xctest */,
			);
			name = Products;
			sourceTree = "<group>";
		};
		187843F81FC02A8B00DEFA51 /* sevent */ = {
			isa = PBXGroup;
			children = (
				187844271FC02A9F00DEFA51 /* samplePhoto.jpeg */,
				187843F91FC02A8B00DEFA51 /* AppDelegate.swift */,
				187843FB1FC02A8B00DEFA51 /* ViewController.swift */,
				187843FD1FC02A8B00DEFA51 /* Main.storyboard */,
				187844001FC02A8B00DEFA51 /* Assets.xcassets */,
				187844021FC02A8B00DEFA51 /* LaunchScreen.storyboard */,
				187844051FC02A8B00DEFA51 /* Info.plist */,
			);
			path = sevent;
			sourceTree = "<group>";
		};
		1878440D1FC02A8B00DEFA51 /* seventTests */ = {
			isa = PBXGroup;
			children = (
				1878440E1FC02A8B00DEFA51 /* seventTests.swift */,
				187844101FC02A8B00DEFA51 /* Info.plist */,
			);
			path = seventTests;
			sourceTree = "<group>";
		};
		187844181FC02A8B00DEFA51 /* seventUITests */ = {
			isa = PBXGroup;
			children = (
				187844191FC02A8B00DEFA51 /* seventUITests.swift */,
				1878441B1FC02A8B00DEFA51 /* Info.plist */,
			);
			path = seventUITests;
			sourceTree = "<group>";
		};
/* End PBXGroup section */

/* Begin PBXNativeTarget section */
		187843F51FC02A8B00DEFA51 /* sevent */ = {
			isa = PBXNativeTarget;
			buildConfigurationList = 1878441E1FC02A8B00DEFA51 /* Build configuration list for PBXNativeTarget "sevent" */;
			buildPhases = (
				187843F21FC02A8B00DEFA51 /* Sources */,
				187843F31FC02A8B00DEFA51 /* Frameworks */,
				187843F41FC02A8B00DEFA51 /* Resources */,
			);
			buildRules = (
			);
			dependencies = (
			);
			name = sevent;
			productName = sevent;
			productReference = 187843F61FC02A8B00DEFA51 /* sevent.app */;
			productType = "com.apple.product-type.application";
		};
		187844091FC02A8B00DEFA51 /* seventTests */ = {
			isa = PBXNativeTarget;
			buildConfigurationList = 187844211FC02A8B00DEFA51 /* Build configuration list for PBXNativeTarget "seventTests" */;
			buildPhases = (
				187844061FC02A8B00DEFA51 /* Sources */,
				187844071FC02A8B00DEFA51 /* Frameworks */,
				187844081FC02A8B00DEFA51 /* Resources */,
			);
			buildRules = (
			);
			dependencies = (
				1878440C1FC02A8B00DEFA51 /* PBXTargetDependency */,
			);
			name = seventTests;
			productName = seventTests;
			productReference = 1878440A1FC02A8B00DEFA51 /* seventTests.xctest */;
			productType = "com.apple.product-type.bundle.unit-test";
		};
		187844141FC02A8B00DEFA51 /* seventUITests */ = {
			isa = PBXNativeTarget;
			buildConfigurationList = 187844241FC02A8B00DEFA51 /* Build configuration list for PBXNativeTarget "seventUITests" */;
			buildPhases = (
				187844111FC02A8B00DEFA51 /* Sources */,
				187844121FC02A8B00DEFA51 /* Frameworks */,
				187844131FC02A8B00DEFA51 /* Resources */,
			);
			buildRules = (
			);
			dependencies = (
				187844171FC02A8B00DEFA51 /* PBXTargetDependency */,
			);
			name = seventUITests;
			productName = seventUITests;
			productReference = 187844151FC02A8B00DEFA51 /* seventUITests.xctest */;
			productType = "com.apple.product-type.bundle.ui-testing";
		};
/* End PBXNativeTarget section */

/* Begin PBXProject section */
		187843EE1FC02A8B00DEFA51 /* Project object */ = {
			isa = PBXProject;
			attributes = {
				LastSwiftUpdateCheck = 0830;
				LastUpgradeCheck = 0830;
				ORGANIZATIONNAME = "陈欢";
				TargetAttributes = {
					187843F51FC02A8B00DEFA51 = {
						CreatedOnToolsVersion = 8.3.2;
						DevelopmentTeam = 9UYJE5TN25;
						ProvisioningStyle = Automatic;
					};
					187844091FC02A8B00DEFA51 = {
						CreatedOnToolsVersion = 8.3.2;
						DevelopmentTeam = 9UYJE5TN25;
						ProvisioningStyle = Automatic;
						TestTargetID = 187843F51FC02A8B00DEFA51;
					};
					187844141FC02A8B00DEFA51 = {
						CreatedOnToolsVersion = 8.3.2;
						DevelopmentTeam = 9UYJE5TN25;
						ProvisioningStyle = Automatic;
						TestTargetID = 187843F51FC02A8B00DEFA51;
					};
				};
			};
			buildConfigurationList = 187843F11FC02A8B00DEFA51 /* Build configuration list for PBXProject "sevent" */;
			compatibilityVersion = "Xcode 3.2";
			developmentRegion = English;
			hasScannedForEncodings = 0;
			knownRegions = (
				en,
				Base,
			);
			mainGroup = 187843ED1FC02A8B00DEFA51;
			productRefGroup = 187843F71FC02A8B00DEFA51 /* Products */;
			projectDirPath = "";
			projectRoot = "";
			targets = (
				187843F51FC02A8B00DEFA51 /* sevent */,
				187844091FC02A8B00DEFA51 /* seventTests */,
				187844141FC02A8B00DEFA51 /* seventUITests */,
			);
		};
/* End PBXProject section */

/* Begin PBXResourcesBuildPhase section */
		187843F41FC02A8B00DEFA51 /* Resources */ = {
			isa = PBXResourcesBuildPhase;
			buildActionMask = 2147483647;
			files = (
				187844281FC02A9F00DEFA51 /* samplePhoto.jpeg in Resources */,
				187844041FC02A8B00DEFA51 /* LaunchScreen.storyboard in Resources */,
				187844011FC02A8B00DEFA51 /* Assets.xcassets in Resources */,
				187843FF1FC02A8B00DEFA51 /* Main.storyboard in Resources */,
			);
			runOnlyForDeploymentPostprocessing = 0;
		};
		187844081FC02A8B00DEFA51 /* Resources */ = {
			isa = PBXResourcesBuildPhase;
			buildActionMask = 2147483647;
			files = (
			);
			runOnlyForDeploymentPostprocessing = 0;
		};
		187844131FC02A8B00DEFA51 /* Resources */ = {
			isa = PBXResourcesBuildPhase;
			buildActionMask = 2147483647;
			files = (
			);
			runOnlyForDeploymentPostprocessing = 0;
		};
/* End PBXResourcesBuildPhase section */

/* Begin PBXSourcesBuildPhase section */
		187843F21FC02A8B00DEFA51 /* Sources */ = {
			isa = PBXSourcesBuildPhase;
			buildActionMask = 2147483647;
			files = (
				187843FC1FC02A8B00DEFA51 /* ViewController.swift in Sources */,
				187843FA1FC02A8B00DEFA51 /* AppDelegate.swift in Sources */,
			);
			runOnlyForDeploymentPostprocessing = 0;
		};
		187844061FC02A8B00DEFA51 /* Sources */ = {
			isa = PBXSourcesBuildPhase;
			buildActionMask = 2147483647;
			files = (
				1878440F1FC02A8B00DEFA51 /* seventTests.swift in Sources */,
			);
			runOnlyForDeploymentPostprocessing = 0;
		};
		187844111FC02A8B00DEFA51 /* Sources */ = {
			isa = PBXSourcesBuildPhase;
			buildActionMask = 2147483647;
			files = (
				1878441A1FC02A8B00DEFA51 /* seventUITests.swift in Sources */,
			);
			runOnlyForDeploymentPostprocessing = 0;
		};
/* End PBXSourcesBuildPhase section */

/* Begin PBXTargetDependency section */
		1878440C1FC02A8B00DEFA51 /* PBXTargetDependency */ = {
			isa = PBXTargetDependency;
			target = 187843F51FC02A8B00DEFA51 /* sevent */;
			targetProxy = 1878440B1FC02A8B00DEFA51 /* PBXContainerItemProxy */;
		};
		187844171FC02A8B00DEFA51 /* PBXTargetDependency */ = {
			isa = PBXTargetDependency;
			target = 187843F51FC02A8B00DEFA51 /* sevent */;
			targetProxy = 187844161FC02A8B00DEFA51 /* PBXContainerItemProxy */;
		};
/* End PBXTargetDependency section */

/* Begin PBXVariantGroup section */
		187843FD1FC02A8B00DEFA51 /* Main.storyboard */ = {
			isa = PBXVariantGroup;
			children = (
				187843FE1FC02A8B00DEFA51 /* Base */,
			);
			name = Main.storyboard;
			sourceTree = "<group>";
		};
		187844021FC02A8B00DEFA51 /* LaunchScreen.storyboard */ = {
			isa = PBXVariantGroup;
			children = (
				187844031FC02A8B00DEFA51 /* Base */,
			);
			name = LaunchScreen.storyboard;
			sourceTree = "<group>";
		};
/* End PBXVariantGroup section */

/* Begin XCBuildConfiguration section */
		1878441C1FC02A8B00DEFA51 /* Debug */ = {
			isa = XCBuildConfiguration;
			buildSettings = {
				ALWAYS_SEARCH_USER_PATHS = NO;
				CLANG_ANALYZER_NONNULL = YES;
				CLANG_ANALYZER_NUMBER_OBJECT_CONVERSION = YES_AGGRESSIVE;
				CLANG_CXX_LANGUAGE_STANDARD = "gnu++0x";
				CLANG_CXX_LIBRARY = "libc++";
				CLANG_ENABLE_MODULES = YES;
				CLANG_ENABLE_OBJC_ARC = YES;
				CLANG_WARN_BOOL_CONVERSION = YES;
				CLANG_WARN_CONSTANT_CONVERSION = YES;
				CLANG_WARN_DIRECT_OBJC_ISA_USAGE = YES_ERROR;
				CLANG_WARN_DOCUMENTATION_COMMENTS = YES;
				CLANG_WARN_EMPTY_BODY = YES;
				CLANG_WARN_ENUM_CONVERSION = YES;
				CLANG_WARN_INFINITE_RECURSION = YES;
				CLANG_WARN_INT_CONVERSION = YES;
				CLANG_WARN_OBJC_ROOT_CLASS = YES_ERROR;
				CLANG_WARN_SUSPICIOUS_MOVE = YES;
				CLANG_WARN_UNREACHABLE_CODE = YES;
				CLANG_WARN__DUPLICATE_METHOD_MATCH = YES;
				"CODE_SIGN_IDENTITY[sdk=iphoneos*]" = "iPhone Developer";
				COPY_PHASE_STRIP = NO;
				DEBUG_INFORMATION_FORMAT = dwarf;
				ENABLE_STRICT_OBJC_MSGSEND = YES;
				ENABLE_TESTABILITY = YES;
				GCC_C_LANGUAGE_STANDARD = gnu99;
				GCC_DYNAMIC_NO_PIC = NO;
				GCC_NO_COMMON_BLOCKS = YES;
				GCC_OPTIMIZATION_LEVEL = 0;
				GCC_PREPROCESSOR_DEFINITIONS = (
					"DEBUG=1",
					"$(inherited)",
				);
				GCC_WARN_64_TO_32_BIT_CONVERSION = YES;
				GCC_WARN_ABOUT_RETURN_TYPE = YES_ERROR;
				GCC_WARN_UNDECLARED_SELECTOR = YES;
				GCC_WARN_UNINITIALIZED_AUTOS = YES_AGGRESSIVE;
				GCC_WARN_UNUSED_FUNCTION = YES;
				GCC_WARN_UNUSED_VARIABLE = YES;
				IPHONEOS_DEPLOYMENT_TARGET = 10.3;
				MTL_ENABLE_DEBUG_INFO = YES;
				ONLY_ACTIVE_ARCH = YES;
				SDKROOT = iphoneos;
				SWIFT_ACTIVE_COMPILATION_CONDITIONS = DEBUG;
				SWIFT_OPTIMIZATION_LEVEL = "-Onone";
			};
			name = Debug;
		};
		1878441D1FC02A8B00DEFA51 /* Release */ = {
			isa = XCBuildConfiguration;
			buildSettings = {
				ALWAYS_SEARCH_USER_PATHS = NO;
				CLANG_ANALYZER_NONNULL = YES;
				CLANG_ANALYZER_NUMBER_OBJECT_CONVERSION = YES_AGGRESSIVE;
				CLANG_CXX_LANGUAGE_STANDARD = "gnu++0x";
				CLANG_CXX_LIBRARY = "libc++";
				CLANG_ENABLE_MODULES = YES;
				CLANG_ENABLE_OBJC_ARC = YES;
				CLANG_WARN_BOOL_CONVERSION = YES;
				CLANG_WARN_CONSTANT_CONVERSION = YES;
				CLANG_WARN_DIRECT_OBJC_ISA_USAGE = YES_ERROR;
				CLANG_WARN_DOCUMENTATION_COMMENTS = YES;
				CLANG_WARN_EMPTY_BODY = YES;
				CLANG_WARN_ENUM_CONVERSION = YES;
				CLANG_WARN_INFINITE_RECURSION = YES;
				CLANG_WARN_INT_CONVERSION = YES;
				CLANG_WARN_OBJC_ROOT_CLASS = YES_ERROR;
				CLANG_WARN_SUSPICIOUS_MOVE = YES;
				CLANG_WARN_UNREACHABLE_CODE = YES;
				CLANG_WARN__DUPLICATE_METHOD_MATCH = YES;
				"CODE_SIGN_IDENTITY[sdk=iphoneos*]" = "iPhone Developer";
				COPY_PHASE_STRIP = NO;
				DEBUG_INFORMATION_FORMAT = "dwarf-with-dsym";
				ENABLE_NS_ASSERTIONS = NO;
				ENABLE_STRICT_OBJC_MSGSEND = YES;
				GCC_C_LANGUAGE_STANDARD = gnu99;
				GCC_NO_COMMON_BLOCKS = YES;
				GCC_WARN_64_TO_32_BIT_CONVERSION = YES;
				GCC_WARN_ABOUT_RETURN_TYPE = YES_ERROR;
				GCC_WARN_UNDECLARED_SELECTOR = YES;
				GCC_WARN_UNINITIALIZED_AUTOS = YES_AGGRESSIVE;
				GCC_WARN_UNUSED_FUNCTION = YES;
				GCC_WARN_UNUSED_VARIABLE = YES;
				IPHONEOS_DEPLOYMENT_TARGET = 10.3;
				MTL_ENABLE_DEBUG_INFO = NO;
				SDKROOT = iphoneos;
				SWIFT_OPTIMIZATION_LEVEL = "-Owholemodule";
				VALIDATE_PRODUCT = YES;
			};
			name = Release;
		};
		1878441F1FC02A8B00DEFA51 /* Debug */ = {
			isa = XCBuildConfiguration;
			buildSettings = {
				ASSETCATALOG_COMPILER_APPICON_NAME = AppIcon;
				DEVELOPMENT_TEAM = 9UYJE5TN25;
				INFOPLIST_FILE = sevent/Info.plist;
				LD_RUNPATH_SEARCH_PATHS = "$(inherited) @executable_path/Frameworks";
				PRODUCT_BUNDLE_IDENTIFIER = matcha00.me.sevent;
				PRODUCT_NAME = "$(TARGET_NAME)";
				SWIFT_VERSION = 3.0;
			};
			name = Debug;
		};
		187844201FC02A8B00DEFA51 /* Release */ = {
			isa = XCBuildConfiguration;
			buildSettings = {
				ASSETCATALOG_COMPILER_APPICON_NAME = AppIcon;
				DEVELOPMENT_TEAM = 9UYJE5TN25;
				INFOPLIST_FILE = sevent/Info.plist;
				LD_RUNPATH_SEARCH_PATHS = "$(inherited) @executable_path/Frameworks";
				PRODUCT_BUNDLE_IDENTIFIER = matcha00.me.sevent;
				PRODUCT_NAME = "$(TARGET_NAME)";
				SWIFT_VERSION = 3.0;
			};
			name = Release;
		};
		187844221FC02A8B00DEFA51 /* Debug */ = {
			isa = XCBuildConfiguration;
			buildSettings = {
				ALWAYS_EMBED_SWIFT_STANDARD_LIBRARIES = YES;
				BUNDLE_LOADER = "$(TEST_HOST)";
				DEVELOPMENT_TEAM = 9UYJE5TN25;
				INFOPLIST_FILE = seventTests/Info.plist;
				LD_RUNPATH_SEARCH_PATHS = "$(inherited) @executable_path/Frameworks @loader_path/Frameworks";
				PRODUCT_BUNDLE_IDENTIFIER = matcha00.me.seventTests;
				PRODUCT_NAME = "$(TARGET_NAME)";
				SWIFT_VERSION = 3.0;
				TEST_HOST = "$(BUILT_PRODUCTS_DIR)/sevent.app/sevent";
			};
			name = Debug;
		};
		187844231FC02A8B00DEFA51 /* Release */ = {
			isa = XCBuildConfiguration;
			buildSettings = {
				ALWAYS_EMBED_SWIFT_STANDARD_LIBRARIES = YES;
				BUNDLE_LOADER = "$(TEST_HOST)";
				DEVELOPMENT_TEAM = 9UYJE5TN25;
				INFOPLIST_FILE = seventTests/Info.plist;
				LD_RUNPATH_SEARCH_PATHS = "$(inherited) @executable_path/Frameworks @loader_path/Frameworks";
				PRODUCT_BUNDLE_IDENTIFIER = matcha00.me.seventTests;
				PRODUCT_NAME = "$(TARGET_NAME)";
				SWIFT_VERSION = 3.0;
				TEST_HOST = "$(BUILT_PRODUCTS_DIR)/sevent.app/sevent";
			};
			name = Release;
		};
		187844251FC02A8B00DEFA51 /* Debug */ = {
			isa = XCBuildConfiguration;
			buildSettings = {
				ALWAYS_EMBED_SWIFT_STANDARD_LIBRARIES = YES;
				DEVELOPMENT_TEAM = 9UYJE5TN25;
				INFOPLIST_FILE = seventUITests/Info.plist;
				LD_RUNPATH_SEARCH_PATHS = "$(inherited) @executable_path/Frameworks @loader_path/Frameworks";
				PRODUCT_BUNDLE_IDENTIFIER = matcha00.me.seventUITests;
				PRODUCT_NAME = "$(TARGET_NAME)";
				SWIFT_VERSION = 3.0;
				TEST_TARGET_NAME = sevent;
			};
			name = Debug;
		};
		187844261FC02A8B00DEFA51 /* Release */ = {
			isa = XCBuildConfiguration;
			buildSettings = {
				ALWAYS_EMBED_SWIFT_STANDARD_LIBRARIES = YES;
				DEVELOPMENT_TEAM = 9UYJE5TN25;
				INFOPLIST_FILE = seventUITests/Info.plist;
				LD_RUNPATH_SEARCH_PATHS = "$(inherited) @executable_path/Frameworks @loader_path/Frameworks";
				PRODUCT_BUNDLE_IDENTIFIER = matcha00.me.seventUITests;
				PRODUCT_NAME = "$(TARGET_NAME)";
				SWIFT_VERSION = 3.0;
				TEST_TARGET_NAME = sevent;
			};
			name = Release;
		};
/* End XCBuildConfiguration section */

/* Begin XCConfigurationList section */
		187843F11FC02A8B00DEFA51 /* Build configuration list for PBXProject "sevent" */ = {
			isa = XCConfigurationList;
			buildConfigurations = (
				1878441C1FC02A8B00DEFA51 /* Debug */,
				1878441D1FC02A8B00DEFA51 /* Release */,
			);
			defaultConfigurationIsVisible = 0;
			defaultConfigurationName = Release;
		};
		1878441E1FC02A8B00DEFA51 /* Build configuration list for PBXNativeTarget "sevent" */ = {
			isa = XCConfigurationList;
			buildConfigurations = (
				1878441F1FC02A8B00DEFA51 /* Debug */,
				187844201FC02A8B00DEFA51 /* Release */,
			);
			defaultConfigurationIsVisible = 0;
		};
		187844211FC02A8B00DEFA51 /* Build configuration list for PBXNativeTarget "seventTests" */ = {
			isa = XCConfigurationList;
			buildConfigurations = (
				187844221FC02A8B00DEFA51 /* Debug */,
				187844231FC02A8B00DEFA51 /* Release */,
			);
			defaultConfigurationIsVisible = 0;
		};
		187844241FC02A8B00DEFA51 /* Build configuration list for PBXNativeTarget "seventUITests" */ = {
			isa = XCConfigurationList;
			buildConfigurations = (
				187844251FC02A8B00DEFA51 /* Debug */,
				187844261FC02A8B00DEFA51 /* Release */,
			);
			defaultConfigurationIsVisible = 0;
		};
/* End XCConfigurationList section */
	};
	rootObject = 187843EE1FC02A8B00DEFA51 /* Project object */;
}
