// !$*UTF8*$!
{
	archiveVersion = 1;
	classes = {
	};
	objectVersion = 46;
	objects = {

/* Begin PBXBuildFile section */
		187843821FC0197600DEFA51 /* AppDelegate.swift in Sources */ = {isa = PBXBuildFile; fileRef = 187843811FC0197600DEFA51 /* AppDelegate.swift */; };
		187843841FC0197600DEFA51 /* ViewController.swift in Sources */ = {isa = PBXBuildFile; fileRef = 187843831FC0197600DEFA51 /* ViewController.swift */; };
		187843871FC0197600DEFA51 /* Main.storyboard in Resources */ = {isa = PBXBuildFile; fileRef = 187843851FC0197600DEFA51 /* Main.storyboard */; };
		187843891FC0197600DEFA51 /* Assets.xcassets in Resources */ = {isa = PBXBuildFile; fileRef = 187843881FC0197600DEFA51 /* Assets.xcassets */; };
		1878438C1FC0197600DEFA51 /* LaunchScreen.storyboard in Resources */ = {isa = PBXBuildFile; fileRef = 1878438A1FC0197600DEFA51 /* LaunchScreen.storyboard */; };
		187843971FC0197600DEFA51 /* fiveTests.swift in Sources */ = {isa = PBXBuildFile; fileRef = 187843961FC0197600DEFA51 /* fiveTests.swift */; };
		187843A21FC0197600DEFA51 /* fiveUITests.swift in Sources */ = {isa = PBXBuildFile; fileRef = 187843A11FC0197600DEFA51 /* fiveUITests.swift */; };
/* End PBXBuildFile section */

/* Begin PBXContainerItemProxy section */
		187843931FC0197600DEFA51 /* PBXContainerItemProxy */ = {
			isa = PBXContainerItemProxy;
			containerPortal = 187843761FC0197600DEFA51 /* Project object */;
			proxyType = 1;
			remoteGlobalIDString = 1878437D1FC0197600DEFA51;
			remoteInfo = five;
		};
		1878439E1FC0197600DEFA51 /* PBXContainerItemProxy */ = {
			isa = PBXContainerItemProxy;
			containerPortal = 187843761FC0197600DEFA51 /* Project object */;
			proxyType = 1;
			remoteGlobalIDString = 1878437D1FC0197600DEFA51;
			remoteInfo = five;
		};
/* End PBXContainerItemProxy section */

/* Begin PBXFileReference section */
		1878437E1FC0197600DEFA51 /* five.app */ = {isa = PBXFileReference; explicitFileType = wrapper.application; includeInIndex = 0; path = five.app; sourceTree = BUILT_PRODUCTS_DIR; };
		187843811FC0197600DEFA51 /* AppDelegate.swift */ = {isa = PBXFileReference; lastKnownFileType = sourcecode.swift; path = AppDelegate.swift; sourceTree = "<group>"; };
		187843831FC0197600DEFA51 /* ViewController.swift */ = {isa = PBXFileReference; lastKnownFileType = sourcecode.swift; path = ViewController.swift; sourceTree = "<group>"; };
		187843861FC0197600DEFA51 /* Base */ = {isa = PBXFileReference; lastKnownFileType = file.storyboard; name = Base; path = Base.lproj/Main.storyboard; sourceTree = "<group>"; };
		187843881FC0197600DEFA51 /* Assets.xcassets */ = {isa = PBXFileReference; lastKnownFileType = folder.assetcatalog; path = Assets.xcassets; sourceTree = "<group>"; };
		1878438B1FC0197600DEFA51 /* Base */ = {isa = PBXFileReference; lastKnownFileType = file.storyboard; name = Base; path = Base.lproj/LaunchScreen.storyboard; sourceTree = "<group>"; };
		1878438D1FC0197600DEFA51 /* Info.plist */ = {isa = PBXFileReference; lastKnownFileType = text.plist.xml; path = Info.plist; sourceTree = "<group>"; };
		187843921FC0197600DEFA51 /* fiveTests.xctest */ = {isa = PBXFileReference; explicitFileType = wrapper.cfbundle; includeInIndex = 0; path = fiveTests.xctest; sourceTree = BUILT_PRODUCTS_DIR; };
		187843961FC0197600DEFA51 /* fiveTests.swift */ = {isa = PBXFileReference; lastKnownFileType = sourcecode.swift; path = fiveTests.swift; sourceTree = "<group>"; };
		187843981FC0197600DEFA51 /* Info.plist */ = {isa = PBXFileReference; lastKnownFileType = text.plist.xml; path = Info.plist; sourceTree = "<group>"; };
		1878439D1FC0197600DEFA51 /* fiveUITests.xctest */ = {isa = PBXFileReference; explicitFileType = wrapper.cfbundle; includeInIndex = 0; path = fiveUITests.xctest; sourceTree = BUILT_PRODUCTS_DIR; };
		187843A11FC0197600DEFA51 /* fiveUITests.swift */ = {isa = PBXFileReference; lastKnownFileType = sourcecode.swift; path = fiveUITests.swift; sourceTree = "<group>"; };
		187843A31FC0197600DEFA51 /* Info.plist */ = {isa = PBXFileReference; lastKnownFileType = text.plist.xml; path = Info.plist; sourceTree = "<group>"; };
/* End PBXFileReference section */

/* Begin PBXFrameworksBuildPhase section */
		1878437B1FC0197600DEFA51 /* Frameworks */ = {
			isa = PBXFrameworksBuildPhase;
			buildActionMask = 2147483647;
			files = (
			);
			runOnlyForDeploymentPostprocessing = 0;
		};
		1878438F1FC0197600DEFA51 /* Frameworks */ = {
			isa = PBXFrameworksBuildPhase;
			buildActionMask = 2147483647;
			files = (
			);
			runOnlyForDeploymentPostprocessing = 0;
		};
		1878439A1FC0197600DEFA51 /* Frameworks */ = {
			isa = PBXFrameworksBuildPhase;
			buildActionMask = 2147483647;
			files = (
			);
			runOnlyForDeploymentPostprocessing = 0;
		};
/* End PBXFrameworksBuildPhase section */

/* Begin PBXGroup section */
		187843751FC0197600DEFA51 = {
			isa = PBXGroup;
			children = (
				187843801FC0197600DEFA51 /* five */,
				187843951FC0197600DEFA51 /* fiveTests */,
				187843A01FC0197600DEFA51 /* fiveUITests */,
				1878437F1FC0197600DEFA51 /* Products */,
			);
			sourceTree = "<group>";
		};
		1878437F1FC0197600DEFA51 /* Products */ = {
			isa = PBXGroup;
			children = (
				1878437E1FC0197600DEFA51 /* five.app */,
				187843921FC0197600DEFA51 /* fiveTests.xctest */,
				1878439D1FC0197600DEFA51 /* fiveUITests.xctest */,
			);
			name = Products;
			sourceTree = "<group>";
		};
		187843801FC0197600DEFA51 /* five */ = {
			isa = PBXGroup;
			children = (
				187843811FC0197600DEFA51 /* AppDelegate.swift */,
				187843831FC0197600DEFA51 /* ViewController.swift */,
				187843851FC0197600DEFA51 /* Main.storyboard */,
				187843881FC0197600DEFA51 /* Assets.xcassets */,
				1878438A1FC0197600DEFA51 /* LaunchScreen.storyboard */,
				1878438D1FC0197600DEFA51 /* Info.plist */,
			);
			path = five;
			sourceTree = "<group>";
		};
		187843951FC0197600DEFA51 /* fiveTests */ = {
			isa = PBXGroup;
			children = (
				187843961FC0197600DEFA51 /* fiveTests.swift */,
				187843981FC0197600DEFA51 /* Info.plist */,
			);
			path = fiveTests;
			sourceTree = "<group>";
		};
		187843A01FC0197600DEFA51 /* fiveUITests */ = {
			isa = PBXGroup;
			children = (
				187843A11FC0197600DEFA51 /* fiveUITests.swift */,
				187843A31FC0197600DEFA51 /* Info.plist */,
			);
			path = fiveUITests;
			sourceTree = "<group>";
		};
/* End PBXGroup section */

/* Begin PBXNativeTarget section */
		1878437D1FC0197600DEFA51 /* five */ = {
			isa = PBXNativeTarget;
			buildConfigurationList = 187843A61FC0197600DEFA51 /* Build configuration list for PBXNativeTarget "five" */;
			buildPhases = (
				1878437A1FC0197600DEFA51 /* Sources */,
				1878437B1FC0197600DEFA51 /* Frameworks */,
				1878437C1FC0197600DEFA51 /* Resources */,
			);
			buildRules = (
			);
			dependencies = (
			);
			name = five;
			productName = five;
			productReference = 1878437E1FC0197600DEFA51 /* five.app */;
			productType = "com.apple.product-type.application";
		};
		187843911FC0197600DEFA51 /* fiveTests */ = {
			isa = PBXNativeTarget;
			buildConfigurationList = 187843A91FC0197600DEFA51 /* Build configuration list for PBXNativeTarget "fiveTests" */;
			buildPhases = (
				1878438E1FC0197600DEFA51 /* Sources */,
				1878438F1FC0197600DEFA51 /* Frameworks */,
				187843901FC0197600DEFA51 /* Resources */,
			);
			buildRules = (
			);
			dependencies = (
				187843941FC0197600DEFA51 /* PBXTargetDependency */,
			);
			name = fiveTests;
			productName = fiveTests;
			productReference = 187843921FC0197600DEFA51 /* fiveTests.xctest */;
			productType = "com.apple.product-type.bundle.unit-test";
		};
		1878439C1FC0197600DEFA51 /* fiveUITests */ = {
			isa = PBXNativeTarget;
			buildConfigurationList = 187843AC1FC0197600DEFA51 /* Build configuration list for PBXNativeTarget "fiveUITests" */;
			buildPhases = (
				187843991FC0197600DEFA51 /* Sources */,
				1878439A1FC0197600DEFA51 /* Frameworks */,
				1878439B1FC0197600DEFA51 /* Resources */,
			);
			buildRules = (
			);
			dependencies = (
				1878439F1FC0197600DEFA51 /* PBXTargetDependency */,
			);
			name = fiveUITests;
			productName = fiveUITests;
			productReference = 1878439D1FC0197600DEFA51 /* fiveUITests.xctest */;
			productType = "com.apple.product-type.bundle.ui-testing";
		};
/* End PBXNativeTarget section */

/* Begin PBXProject section */
		187843761FC0197600DEFA51 /* Project object */ = {
			isa = PBXProject;
			attributes = {
				LastSwiftUpdateCheck = 0830;
				LastUpgradeCheck = 0830;
				ORGANIZATIONNAME = "陈欢";
				TargetAttributes = {
					1878437D1FC0197600DEFA51 = {
						CreatedOnToolsVersion = 8.3.2;
						DevelopmentTeam = 9UYJE5TN25;
						ProvisioningStyle = Automatic;
					};
					187843911FC0197600DEFA51 = {
						CreatedOnToolsVersion = 8.3.2;
						DevelopmentTeam = 9UYJE5TN25;
						ProvisioningStyle = Automatic;
						TestTargetID = 1878437D1FC0197600DEFA51;
					};
					1878439C1FC0197600DEFA51 = {
						CreatedOnToolsVersion = 8.3.2;
						DevelopmentTeam = 9UYJE5TN25;
						ProvisioningStyle = Automatic;
						TestTargetID = 1878437D1FC0197600DEFA51;
					};
				};
			};
			buildConfigurationList = 187843791FC0197600DEFA51 /* Build configuration list for PBXProject "five" */;
			compatibilityVersion = "Xcode 3.2";
			developmentRegion = English;
			hasScannedForEncodings = 0;
			knownRegions = (
				en,
				Base,
			);
			mainGroup = 187843751FC0197600DEFA51;
			productRefGroup = 1878437F1FC0197600DEFA51 /* Products */;
			projectDirPath = "";
			projectRoot = "";
			targets = (
				1878437D1FC0197600DEFA51 /* five */,
				187843911FC0197600DEFA51 /* fiveTests */,
				1878439C1FC0197600DEFA51 /* fiveUITests */,
			);
		};
/* End PBXProject section */

/* Begin PBXResourcesBuildPhase section */
		1878437C1FC0197600DEFA51 /* Resources */ = {
			isa = PBXResourcesBuildPhase;
			buildActionMask = 2147483647;
			files = (
				1878438C1FC0197600DEFA51 /* LaunchScreen.storyboard in Resources */,
				187843891FC0197600DEFA51 /* Assets.xcassets in Resources */,
				187843871FC0197600DEFA51 /* Main.storyboard in Resources */,
			);
			runOnlyForDeploymentPostprocessing = 0;
		};
		187843901FC0197600DEFA51 /* Resources */ = {
			isa = PBXResourcesBuildPhase;
			buildActionMask = 2147483647;
			files = (
			);
			runOnlyForDeploymentPostprocessing = 0;
		};
		1878439B1FC0197600DEFA51 /* Resources */ = {
			isa = PBXResourcesBuildPhase;
			buildActionMask = 2147483647;
			files = (
			);
			runOnlyForDeploymentPostprocessing = 0;
		};
/* End PBXResourcesBuildPhase section */

/* Begin PBXSourcesBuildPhase section */
		1878437A1FC0197600DEFA51 /* Sources */ = {
			isa = PBXSourcesBuildPhase;
			buildActionMask = 2147483647;
			files = (
				187843841FC0197600DEFA51 /* ViewController.swift in Sources */,
				187843821FC0197600DEFA51 /* AppDelegate.swift in Sources */,
			);
			runOnlyForDeploymentPostprocessing = 0;
		};
		1878438E1FC0197600DEFA51 /* Sources */ = {
			isa = PBXSourcesBuildPhase;
			buildActionMask = 2147483647;
			files = (
				187843971FC0197600DEFA51 /* fiveTests.swift in Sources */,
			);
			runOnlyForDeploymentPostprocessing = 0;
		};
		187843991FC0197600DEFA51 /* Sources */ = {
			isa = PBXSourcesBuildPhase;
			buildActionMask = 2147483647;
			files = (
				187843A21FC0197600DEFA51 /* fiveUITests.swift in Sources */,
			);
			runOnlyForDeploymentPostprocessing = 0;
		};
/* End PBXSourcesBuildPhase section */

/* Begin PBXTargetDependency section */
		187843941FC0197600DEFA51 /* PBXTargetDependency */ = {
			isa = PBXTargetDependency;
			target = 1878437D1FC0197600DEFA51 /* five */;
			targetProxy = 187843931FC0197600DEFA51 /* PBXContainerItemProxy */;
		};
		1878439F1FC0197600DEFA51 /* PBXTargetDependency */ = {
			isa = PBXTargetDependency;
			target = 1878437D1FC0197600DEFA51 /* five */;
			targetProxy = 1878439E1FC0197600DEFA51 /* PBXContainerItemProxy */;
		};
/* End PBXTargetDependency section */

/* Begin PBXVariantGroup section */
		187843851FC0197600DEFA51 /* Main.storyboard */ = {
			isa = PBXVariantGroup;
			children = (
				187843861FC0197600DEFA51 /* Base */,
			);
			name = Main.storyboard;
			sourceTree = "<group>";
		};
		1878438A1FC0197600DEFA51 /* LaunchScreen.storyboard */ = {
			isa = PBXVariantGroup;
			children = (
				1878438B1FC0197600DEFA51 /* Base */,
			);
			name = LaunchScreen.storyboard;
			sourceTree = "<group>";
		};
/* End PBXVariantGroup section */

/* Begin XCBuildConfiguration section */
		187843A41FC0197600DEFA51 /* Debug */ = {
			isa = XCBuildConfiguration;
			buildSettings = {
				ALWAYS_SEARCH_USER_PATHS = NO;
				CLANG_ANALYZER_NONNULL = YES;
				CLANG_ANALYZER_NUMBER_OBJECT_CONVERSION = YES_AGGRESSIVE;
				CLANG_CXX_LANGUAGE_STANDARD = "gnu++0x";
				CLANG_CXX_LIBRARY = "libc++";
				CLANG_ENABLE_MODULES = YES;
				CLANG_ENABLE_OBJC_ARC = YES;
				CLANG_WARN_BOOL_CONVERSION = YES;
				CLANG_WARN_CONSTANT_CONVERSION = YES;
				CLANG_WARN_DIRECT_OBJC_ISA_USAGE = YES_ERROR;
				CLANG_WARN_DOCUMENTATION_COMMENTS = YES;
				CLANG_WARN_EMPTY_BODY = YES;
				CLANG_WARN_ENUM_CONVERSION = YES;
				CLANG_WARN_INFINITE_RECURSION = YES;
				CLANG_WARN_INT_CONVERSION = YES;
				CLANG_WARN_OBJC_ROOT_CLASS = YES_ERROR;
				CLANG_WARN_SUSPICIOUS_MOVE = YES;
				CLANG_WARN_UNREACHABLE_CODE = YES;
				CLANG_WARN__DUPLICATE_METHOD_MATCH = YES;
				"CODE_SIGN_IDENTITY[sdk=iphoneos*]" = "iPhone Developer";
				COPY_PHASE_STRIP = NO;
				DEBUG_INFORMATION_FORMAT = dwarf;
				ENABLE_STRICT_OBJC_MSGSEND = YES;
				ENABLE_TESTABILITY = YES;
				GCC_C_LANGUAGE_STANDARD = gnu99;
				GCC_DYNAMIC_NO_PIC = NO;
				GCC_NO_COMMON_BLOCKS = YES;
				GCC_OPTIMIZATION_LEVEL = 0;
				GCC_PREPROCESSOR_DEFINITIONS = (
					"DEBUG=1",
					"$(inherited)",
				);
				GCC_WARN_64_TO_32_BIT_CONVERSION = YES;
				GCC_WARN_ABOUT_RETURN_TYPE = YES_ERROR;
				GCC_WARN_UNDECLARED_SELECTOR = YES;
				GCC_WARN_UNINITIALIZED_AUTOS = YES_AGGRESSIVE;
				GCC_WARN_UNUSED_FUNCTION = YES;
				GCC_WARN_UNUSED_VARIABLE = YES;
				IPHONEOS_DEPLOYMENT_TARGET = 10.3;
				MTL_ENABLE_DEBUG_INFO = YES;
				ONLY_ACTIVE_ARCH = YES;
				SDKROOT = iphoneos;
				SWIFT_ACTIVE_COMPILATION_CONDITIONS = DEBUG;
				SWIFT_OPTIMIZATION_LEVEL = "-Onone";
			};
			name = Debug;
		};
		187843A51FC0197600DEFA51 /* Release */ = {
			isa = XCBuildConfiguration;
			buildSettings = {
				ALWAYS_SEARCH_USER_PATHS = NO;
				CLANG_ANALYZER_NONNULL = YES;
				CLANG_ANALYZER_NUMBER_OBJECT_CONVERSION = YES_AGGRESSIVE;
				CLANG_CXX_LANGUAGE_STANDARD = "gnu++0x";
				CLANG_CXX_LIBRARY = "libc++";
				CLANG_ENABLE_MODULES = YES;
				CLANG_ENABLE_OBJC_ARC = YES;
				CLANG_WARN_BOOL_CONVERSION = YES;
				CLANG_WARN_CONSTANT_CONVERSION = YES;
				CLANG_WARN_DIRECT_OBJC_ISA_USAGE = YES_ERROR;
				CLANG_WARN_DOCUMENTATION_COMMENTS = YES;
				CLANG_WARN_EMPTY_BODY = YES;
				CLANG_WARN_ENUM_CONVERSION = YES;
				CLANG_WARN_INFINITE_RECURSION = YES;
				CLANG_WARN_INT_CONVERSION = YES;
				CLANG_WARN_OBJC_ROOT_CLASS = YES_ERROR;
				CLANG_WARN_SUSPICIOUS_MOVE = YES;
				CLANG_WARN_UNREACHABLE_CODE = YES;
				CLANG_WARN__DUPLICATE_METHOD_MATCH = YES;
				"CODE_SIGN_IDENTITY[sdk=iphoneos*]" = "iPhone Developer";
				COPY_PHASE_STRIP = NO;
				DEBUG_INFORMATION_FORMAT = "dwarf-with-dsym";
				ENABLE_NS_ASSERTIONS = NO;
				ENABLE_STRICT_OBJC_MSGSEND = YES;
				GCC_C_LANGUAGE_STANDARD = gnu99;
				GCC_NO_COMMON_BLOCKS = YES;
				GCC_WARN_64_TO_32_BIT_CONVERSION = YES;
				GCC_WARN_ABOUT_RETURN_TYPE = YES_ERROR;
				GCC_WARN_UNDECLARED_SELECTOR = YES;
				GCC_WARN_UNINITIALIZED_AUTOS = YES_AGGRESSIVE;
				GCC_WARN_UNUSED_FUNCTION = YES;
				GCC_WARN_UNUSED_VARIABLE = YES;
				IPHONEOS_DEPLOYMENT_TARGET = 10.3;
				MTL_ENABLE_DEBUG_INFO = NO;
				SDKROOT = iphoneos;
				SWIFT_OPTIMIZATION_LEVEL = "-Owholemodule";
				VALIDATE_PRODUCT = YES;
			};
			name = Release;
		};
		187843A71FC0197600DEFA51 /* Debug */ = {
			isa = XCBuildConfiguration;
			buildSettings = {
				ASSETCATALOG_COMPILER_APPICON_NAME = AppIcon;
				DEVELOPMENT_TEAM = 9UYJE5TN25;
				INFOPLIST_FILE = five/Info.plist;
				LD_RUNPATH_SEARCH_PATHS = "$(inherited) @executable_path/Frameworks";
				PRODUCT_BUNDLE_IDENTIFIER = matcha00.me.five;
				PRODUCT_NAME = "$(TARGET_NAME)";
				SWIFT_VERSION = 3.0;
			};
			name = Debug;
		};
		187843A81FC0197600DEFA51 /* Release */ = {
			isa = XCBuildConfiguration;
			buildSettings = {
				ASSETCATALOG_COMPILER_APPICON_NAME = AppIcon;
				DEVELOPMENT_TEAM = 9UYJE5TN25;
				INFOPLIST_FILE = five/Info.plist;
				LD_RUNPATH_SEARCH_PATHS = "$(inherited) @executable_path/Frameworks";
				PRODUCT_BUNDLE_IDENTIFIER = matcha00.me.five;
				PRODUCT_NAME = "$(TARGET_NAME)";
				SWIFT_VERSION = 3.0;
			};
			name = Release;
		};
		187843AA1FC0197600DEFA51 /* Debug */ = {
			isa = XCBuildConfiguration;
			buildSettings = {
				ALWAYS_EMBED_SWIFT_STANDARD_LIBRARIES = YES;
				BUNDLE_LOADER = "$(TEST_HOST)";
				DEVELOPMENT_TEAM = 9UYJE5TN25;
				INFOPLIST_FILE = fiveTests/Info.plist;
				LD_RUNPATH_SEARCH_PATHS = "$(inherited) @executable_path/Frameworks @loader_path/Frameworks";
				PRODUCT_BUNDLE_IDENTIFIER = matcha00.me.fiveTests;
				PRODUCT_NAME = "$(TARGET_NAME)";
				SWIFT_VERSION = 3.0;
				TEST_HOST = "$(BUILT_PRODUCTS_DIR)/five.app/five";
			};
			name = Debug;
		};
		187843AB1FC0197600DEFA51 /* Release */ = {
			isa = XCBuildConfiguration;
			buildSettings = {
				ALWAYS_EMBED_SWIFT_STANDARD_LIBRARIES = YES;
				BUNDLE_LOADER = "$(TEST_HOST)";
				DEVELOPMENT_TEAM = 9UYJE5TN25;
				INFOPLIST_FILE = fiveTests/Info.plist;
				LD_RUNPATH_SEARCH_PATHS = "$(inherited) @executable_path/Frameworks @loader_path/Frameworks";
				PRODUCT_BUNDLE_IDENTIFIER = matcha00.me.fiveTests;
				PRODUCT_NAME = "$(TARGET_NAME)";
				SWIFT_VERSION = 3.0;
				TEST_HOST = "$(BUILT_PRODUCTS_DIR)/five.app/five";
			};
			name = Release;
		};
		187843AD1FC0197600DEFA51 /* Debug */ = {
			isa = XCBuildConfiguration;
			buildSettings = {
				ALWAYS_EMBED_SWIFT_STANDARD_LIBRARIES = YES;
				DEVELOPMENT_TEAM = 9UYJE5TN25;
				INFOPLIST_FILE = fiveUITests/Info.plist;
				LD_RUNPATH_SEARCH_PATHS = "$(inherited) @executable_path/Frameworks @loader_path/Frameworks";
				PRODUCT_BUNDLE_IDENTIFIER = matcha00.me.fiveUITests;
				PRODUCT_NAME = "$(TARGET_NAME)";
				SWIFT_VERSION = 3.0;
				TEST_TARGET_NAME = five;
			};
			name = Debug;
		};
		187843AE1FC0197600DEFA51 /* Release */ = {
			isa = XCBuildConfiguration;
			buildSettings = {
				ALWAYS_EMBED_SWIFT_STANDARD_LIBRARIES = YES;
				DEVELOPMENT_TEAM = 9UYJE5TN25;
				INFOPLIST_FILE = fiveUITests/Info.plist;
				LD_RUNPATH_SEARCH_PATHS = "$(inherited) @executable_path/Frameworks @loader_path/Frameworks";
				PRODUCT_BUNDLE_IDENTIFIER = matcha00.me.fiveUITests;
				PRODUCT_NAME = "$(TARGET_NAME)";
				SWIFT_VERSION = 3.0;
				TEST_TARGET_NAME = five;
			};
			name = Release;
		};
/* End XCBuildConfiguration section */

/* Begin XCConfigurationList section */
		187843791FC0197600DEFA51 /* Build configuration list for PBXProject "five" */ = {
			isa = XCConfigurationList;
			buildConfigurations = (
				187843A41FC0197600DEFA51 /* Debug */,
				187843A51FC0197600DEFA51 /* Release */,
			);
			defaultConfigurationIsVisible = 0;
			defaultConfigurationName = Release;
		};
		187843A61FC0197600DEFA51 /* Build configuration list for PBXNativeTarget "five" */ = {
			isa = XCConfigurationList;
			buildConfigurations = (
				187843A71FC0197600DEFA51 /* Debug */,
				187843A81FC0197600DEFA51 /* Release */,
			);
			defaultConfigurationIsVisible = 0;
		};
		187843A91FC0197600DEFA51 /* Build configuration list for PBXNativeTarget "fiveTests" */ = {
			isa = XCConfigurationList;
			buildConfigurations = (
				187843AA1FC0197600DEFA51 /* Debug */,
				187843AB1FC0197600DEFA51 /* Release */,
			);
			defaultConfigurationIsVisible = 0;
		};
		187843AC1FC0197600DEFA51 /* Build configuration list for PBXNativeTarget "fiveUITests" */ = {
			isa = XCConfigurationList;
			buildConfigurations = (
				187843AD1FC0197600DEFA51 /* Debug */,
				187843AE1FC0197600DEFA51 /* Release */,
			);
			defaultConfigurationIsVisible = 0;
		};
/* End XCConfigurationList section */
	};
	rootObject = 187843761FC0197600DEFA51 /* Project object */;
}
