// !$*UTF8*$!
{
	archiveVersion = 1;
	classes = {
	};
	objectVersion = 46;
	objects = {

/* Begin PBXBuildFile section */
		187842D21FBF4C9B00DEFA51 /* AppDelegate.swift in Sources */ = {isa = PBXBuildFile; fileRef = 187842D11FBF4C9B00DEFA51 /* AppDelegate.swift */; };
		187842D41FBF4C9B00DEFA51 /* ViewController.swift in Sources */ = {isa = PBXBuildFile; fileRef = 187842D31FBF4C9B00DEFA51 /* ViewController.swift */; };
		187842D71FBF4C9B00DEFA51 /* Main.storyboard in Resources */ = {isa = PBXBuildFile; fileRef = 187842D51FBF4C9B00DEFA51 /* Main.storyboard */; };
		187842D91FBF4C9B00DEFA51 /* Assets.xcassets in Resources */ = {isa = PBXBuildFile; fileRef = 187842D81FBF4C9B00DEFA51 /* Assets.xcassets */; };
		187842DC1FBF4C9B00DEFA51 /* LaunchScreen.storyboard in Resources */ = {isa = PBXBuildFile; fileRef = 187842DA1FBF4C9B00DEFA51 /* LaunchScreen.storyboard */; };
		187842E71FBF4C9B00DEFA51 /* twoTests.swift in Sources */ = {isa = PBXBuildFile; fileRef = 187842E61FBF4C9B00DEFA51 /* twoTests.swift */; };
		187842F21FBF4C9B00DEFA51 /* twoUITests.swift in Sources */ = {isa = PBXBuildFile; fileRef = 187842F11FBF4C9B00DEFA51 /* twoUITests.swift */; };
		18AAAB8C1FC34CD700AD41E5 /* NotificationCenter.framework in Frameworks */ = {isa = PBXBuildFile; fileRef = 18AAAB8B1FC34CD700AD41E5 /* NotificationCenter.framework */; };
		18AAAB8F1FC34CD700AD41E5 /* TodayViewController.swift in Sources */ = {isa = PBXBuildFile; fileRef = 18AAAB8E1FC34CD700AD41E5 /* TodayViewController.swift */; };
		18AAAB921FC34CD700AD41E5 /* MainInterface.storyboard in Resources */ = {isa = PBXBuildFile; fileRef = 18AAAB901FC34CD700AD41E5 /* MainInterface.storyboard */; };
		18AAAB961FC34CD700AD41E5 /* nineteen.appex in Embed App Extensions */ = {isa = PBXBuildFile; fileRef = 18AAAB8A1FC34CD700AD41E5 /* nineteen.appex */; settings = {ATTRIBUTES = (RemoveHeadersOnCopy, ); }; };
		1AA8323A0DB4306C6E4654F5 /* Pods_two.framework in Frameworks */ = {isa = PBXBuildFile; fileRef = EDD30829F91E4C73052E7A81 /* Pods_two.framework */; };
/* End PBXBuildFile section */

/* Begin PBXContainerItemProxy section */
		187842E31FBF4C9B00DEFA51 /* PBXContainerItemProxy */ = {
			isa = PBXContainerItemProxy;
			containerPortal = 187842C61FBF4C9B00DEFA51 /* Project object */;
			proxyType = 1;
			remoteGlobalIDString = 187842CD1FBF4C9B00DEFA51;
			remoteInfo = two;
		};
		187842EE1FBF4C9B00DEFA51 /* PBXContainerItemProxy */ = {
			isa = PBXContainerItemProxy;
			containerPortal = 187842C61FBF4C9B00DEFA51 /* Project object */;
			proxyType = 1;
			remoteGlobalIDString = 187842CD1FBF4C9B00DEFA51;
			remoteInfo = two;
		};
		18AAAB941FC34CD700AD41E5 /* PBXContainerItemProxy */ = {
			isa = PBXContainerItemProxy;
			containerPortal = 187842C61FBF4C9B00DEFA51 /* Project object */;
			proxyType = 1;
			remoteGlobalIDString = 18AAAB891FC34CD700AD41E5;
			remoteInfo = nineteen;
		};
/* End PBXContainerItemProxy section */

/* Begin PBXCopyFilesBuildPhase section */
		18AAAB9A1FC34CD700AD41E5 /* Embed App Extensions */ = {
			isa = PBXCopyFilesBuildPhase;
			buildActionMask = 2147483647;
			dstPath = "";
			dstSubfolderSpec = 13;
			files = (
				18AAAB961FC34CD700AD41E5 /* nineteen.appex in Embed App Extensions */,
			);
			name = "Embed App Extensions";
			runOnlyForDeploymentPostprocessing = 0;
		};
/* End PBXCopyFilesBuildPhase section */

/* Begin PBXFileReference section */
		187842CE1FBF4C9B00DEFA51 /* two.app */ = {isa = PBXFileReference; explicitFileType = wrapper.application; includeInIndex = 0; path = two.app; sourceTree = BUILT_PRODUCTS_DIR; };
		187842D11FBF4C9B00DEFA51 /* AppDelegate.swift */ = {isa = PBXFileReference; lastKnownFileType = sourcecode.swift; path = AppDelegate.swift; sourceTree = "<group>"; };
		187842D31FBF4C9B00DEFA51 /* ViewController.swift */ = {isa = PBXFileReference; lastKnownFileType = sourcecode.swift; path = ViewController.swift; sourceTree = "<group>"; };
		187842D61FBF4C9B00DEFA51 /* Base */ = {isa = PBXFileReference; lastKnownFileType = file.storyboard; name = Base; path = Base.lproj/Main.storyboard; sourceTree = "<group>"; };
		187842D81FBF4C9B00DEFA51 /* Assets.xcassets */ = {isa = PBXFileReference; lastKnownFileType = folder.assetcatalog; path = Assets.xcassets; sourceTree = "<group>"; };
		187842DB1FBF4C9B00DEFA51 /* Base */ = {isa = PBXFileReference; lastKnownFileType = file.storyboard; name = Base; path = Base.lproj/LaunchScreen.storyboard; sourceTree = "<group>"; };
		187842DD1FBF4C9B00DEFA51 /* Info.plist */ = {isa = PBXFileReference; lastKnownFileType = text.plist.xml; path = Info.plist; sourceTree = "<group>"; };
		187842E21FBF4C9B00DEFA51 /* twoTests.xctest */ = {isa = PBXFileReference; explicitFileType = wrapper.cfbundle; includeInIndex = 0; path = twoTests.xctest; sourceTree = BUILT_PRODUCTS_DIR; };
		187842E61FBF4C9B00DEFA51 /* twoTests.swift */ = {isa = PBXFileReference; lastKnownFileType = sourcecode.swift; path = twoTests.swift; sourceTree = "<group>"; };
		187842E81FBF4C9B00DEFA51 /* Info.plist */ = {isa = PBXFileReference; lastKnownFileType = text.plist.xml; path = Info.plist; sourceTree = "<group>"; };
		187842ED1FBF4C9B00DEFA51 /* twoUITests.xctest */ = {isa = PBXFileReference; explicitFileType = wrapper.cfbundle; includeInIndex = 0; path = twoUITests.xctest; sourceTree = BUILT_PRODUCTS_DIR; };
		187842F11FBF4C9B00DEFA51 /* twoUITests.swift */ = {isa = PBXFileReference; lastKnownFileType = sourcecode.swift; path = twoUITests.swift; sourceTree = "<group>"; };
		187842F31FBF4C9B00DEFA51 /* Info.plist */ = {isa = PBXFileReference; lastKnownFileType = text.plist.xml; path = Info.plist; sourceTree = "<group>"; };
		18AAAB8A1FC34CD700AD41E5 /* nineteen.appex */ = {isa = PBXFileReference; explicitFileType = "wrapper.app-extension"; includeInIndex = 0; path = nineteen.appex; sourceTree = BUILT_PRODUCTS_DIR; };
		18AAAB8B1FC34CD700AD41E5 /* NotificationCenter.framework */ = {isa = PBXFileReference; lastKnownFileType = wrapper.framework; name = NotificationCenter.framework; path = System/Library/Frameworks/NotificationCenter.framework; sourceTree = SDKROOT; };
		18AAAB8E1FC34CD700AD41E5 /* TodayViewController.swift */ = {isa = PBXFileReference; lastKnownFileType = sourcecode.swift; path = TodayViewController.swift; sourceTree = "<group>"; };
		18AAAB911FC34CD700AD41E5 /* Base */ = {isa = PBXFileReference; lastKnownFileType = file.storyboard; name = Base; path = Base.lproj/MainInterface.storyboard; sourceTree = "<group>"; };
		18AAAB931FC34CD700AD41E5 /* Info.plist */ = {isa = PBXFileReference; lastKnownFileType = text.plist.xml; path = Info.plist; sourceTree = "<group>"; };
		18AAAB9B1FC34D3B00AD41E5 /* two.entitlements */ = {isa = PBXFileReference; lastKnownFileType = text.plist.entitlements; path = two.entitlements; sourceTree = "<group>"; };
		18AAAB9C1FC34EF100AD41E5 /* nineteen.entitlements */ = {isa = PBXFileReference; lastKnownFileType = text.plist.entitlements; path = nineteen.entitlements; sourceTree = "<group>"; };
		1DDB5D8E4AE0278AAEB8C295 /* Pods-two.debug.xcconfig */ = {isa = PBXFileReference; includeInIndex = 1; lastKnownFileType = text.xcconfig; name = "Pods-two.debug.xcconfig"; path = "Pods/Target Support Files/Pods-two/Pods-two.debug.xcconfig"; sourceTree = "<group>"; };
		99C4CA9A0AC814134EF0A961 /* Pods-two.release.xcconfig */ = {isa = PBXFileReference; includeInIndex = 1; lastKnownFileType = text.xcconfig; name = "Pods-two.release.xcconfig"; path = "Pods/Target Support Files/Pods-two/Pods-two.release.xcconfig"; sourceTree = "<group>"; };
		EDD30829F91E4C73052E7A81 /* Pods_two.framework */ = {isa = PBXFileReference; explicitFileType = wrapper.framework; includeInIndex = 0; path = Pods_two.framework; sourceTree = BUILT_PRODUCTS_DIR; };
/* End PBXFileReference section */

/* Begin PBXFrameworksBuildPhase section */
		187842CB1FBF4C9B00DEFA51 /* Frameworks */ = {
			isa = PBXFrameworksBuildPhase;
			buildActionMask = 2147483647;
			files = (
				1AA8323A0DB4306C6E4654F5 /* Pods_two.framework in Frameworks */,
			);
			runOnlyForDeploymentPostprocessing = 0;
		};
		187842DF1FBF4C9B00DEFA51 /* Frameworks */ = {
			isa = PBXFrameworksBuildPhase;
			buildActionMask = 2147483647;
			files = (
			);
			runOnlyForDeploymentPostprocessing = 0;
		};
		187842EA1FBF4C9B00DEFA51 /* Frameworks */ = {
			isa = PBXFrameworksBuildPhase;
			buildActionMask = 2147483647;
			files = (
			);
			runOnlyForDeploymentPostprocessing = 0;
		};
		18AAAB871FC34CD700AD41E5 /* Frameworks */ = {
			isa = PBXFrameworksBuildPhase;
			buildActionMask = 2147483647;
			files = (
				18AAAB8C1FC34CD700AD41E5 /* NotificationCenter.framework in Frameworks */,
			);
			runOnlyForDeploymentPostprocessing = 0;
		};
/* End PBXFrameworksBuildPhase section */

/* Begin PBXGroup section */
		187842C51FBF4C9B00DEFA51 = {
			isa = PBXGroup;
			children = (
				187842D01FBF4C9B00DEFA51 /* two */,
				187842E51FBF4C9B00DEFA51 /* twoTests */,
				187842F01FBF4C9B00DEFA51 /* twoUITests */,
				18AAAB8D1FC34CD700AD41E5 /* nineteen */,
				187842CF1FBF4C9B00DEFA51 /* Products */,
				BD2E9A9E1264E806A8791A42 /* Pods */,
				D2018BE9083626F3929997E5 /* Frameworks */,
			);
			sourceTree = "<group>";
		};
		187842CF1FBF4C9B00DEFA51 /* Products */ = {
			isa = PBXGroup;
			children = (
				187842CE1FBF4C9B00DEFA51 /* two.app */,
				187842E21FBF4C9B00DEFA51 /* twoTests.xctest */,
				187842ED1FBF4C9B00DEFA51 /* twoUITests.xctest */,
				18AAAB8A1FC34CD700AD41E5 /* nineteen.appex */,
			);
			name = Products;
			sourceTree = "<group>";
		};
		187842D01FBF4C9B00DEFA51 /* two */ = {
			isa = PBXGroup;
			children = (
				18AAAB9B1FC34D3B00AD41E5 /* two.entitlements */,
				187842D11FBF4C9B00DEFA51 /* AppDelegate.swift */,
				187842D31FBF4C9B00DEFA51 /* ViewController.swift */,
				187842D51FBF4C9B00DEFA51 /* Main.storyboard */,
				187842D81FBF4C9B00DEFA51 /* Assets.xcassets */,
				187842DA1FBF4C9B00DEFA51 /* LaunchScreen.storyboard */,
				187842DD1FBF4C9B00DEFA51 /* Info.plist */,
			);
			path = two;
			sourceTree = "<group>";
		};
		187842E51FBF4C9B00DEFA51 /* twoTests */ = {
			isa = PBXGroup;
			children = (
				187842E61FBF4C9B00DEFA51 /* twoTests.swift */,
				187842E81FBF4C9B00DEFA51 /* Info.plist */,
			);
			path = twoTests;
			sourceTree = "<group>";
		};
		187842F01FBF4C9B00DEFA51 /* twoUITests */ = {
			isa = PBXGroup;
			children = (
				187842F11FBF4C9B00DEFA51 /* twoUITests.swift */,
				187842F31FBF4C9B00DEFA51 /* Info.plist */,
			);
			path = twoUITests;
			sourceTree = "<group>";
		};
		18AAAB8D1FC34CD700AD41E5 /* nineteen */ = {
			isa = PBXGroup;
			children = (
				18AAAB9C1FC34EF100AD41E5 /* nineteen.entitlements */,
				18AAAB8E1FC34CD700AD41E5 /* TodayViewController.swift */,
				18AAAB901FC34CD700AD41E5 /* MainInterface.storyboard */,
				18AAAB931FC34CD700AD41E5 /* Info.plist */,
			);
			path = nineteen;
			sourceTree = "<group>";
		};
		BD2E9A9E1264E806A8791A42 /* Pods */ = {
			isa = PBXGroup;
			children = (
				1DDB5D8E4AE0278AAEB8C295 /* Pods-two.debug.xcconfig */,
				99C4CA9A0AC814134EF0A961 /* Pods-two.release.xcconfig */,
			);
			name = Pods;
			sourceTree = "<group>";
		};
		D2018BE9083626F3929997E5 /* Frameworks */ = {
			isa = PBXGroup;
			children = (
				EDD30829F91E4C73052E7A81 /* Pods_two.framework */,
				18AAAB8B1FC34CD700AD41E5 /* NotificationCenter.framework */,
			);
			name = Frameworks;
			sourceTree = "<group>";
		};
/* End PBXGroup section */

/* Begin PBXNativeTarget section */
		187842CD1FBF4C9B00DEFA51 /* two */ = {
			isa = PBXNativeTarget;
			buildConfigurationList = 187842F61FBF4C9B00DEFA51 /* Build configuration list for PBXNativeTarget "two" */;
			buildPhases = (
				B419A1C541C2E0A12A51A866 /* [CP] Check Pods Manifest.lock */,
				187842CA1FBF4C9B00DEFA51 /* Sources */,
				187842CB1FBF4C9B00DEFA51 /* Frameworks */,
				187842CC1FBF4C9B00DEFA51 /* Resources */,
				55C889A7991BB635F2C084FD /* [CP] Embed Pods Frameworks */,
				6DFB482AA3EB20349E04CF1E /* [CP] Copy Pods Resources */,
				18AAAB9A1FC34CD700AD41E5 /* Embed App Extensions */,
			);
			buildRules = (
			);
			dependencies = (
				18AAAB951FC34CD700AD41E5 /* PBXTargetDependency */,
			);
			name = two;
			productName = two;
			productReference = 187842CE1FBF4C9B00DEFA51 /* two.app */;
			productType = "com.apple.product-type.application";
		};
		187842E11FBF4C9B00DEFA51 /* twoTests */ = {
			isa = PBXNativeTarget;
			buildConfigurationList = 187842F91FBF4C9B00DEFA51 /* Build configuration list for PBXNativeTarget "twoTests" */;
			buildPhases = (
				187842DE1FBF4C9B00DEFA51 /* Sources */,
				187842DF1FBF4C9B00DEFA51 /* Frameworks */,
				187842E01FBF4C9B00DEFA51 /* Resources */,
			);
			buildRules = (
			);
			dependencies = (
				187842E41FBF4C9B00DEFA51 /* PBXTargetDependency */,
			);
			name = twoTests;
			productName = twoTests;
			productReference = 187842E21FBF4C9B00DEFA51 /* twoTests.xctest */;
			productType = "com.apple.product-type.bundle.unit-test";
		};
		187842EC1FBF4C9B00DEFA51 /* twoUITests */ = {
			isa = PBXNativeTarget;
			buildConfigurationList = 187842FC1FBF4C9B00DEFA51 /* Build configuration list for PBXNativeTarget "twoUITests" */;
			buildPhases = (
				187842E91FBF4C9B00DEFA51 /* Sources */,
				187842EA1FBF4C9B00DEFA51 /* Frameworks */,
				187842EB1FBF4C9B00DEFA51 /* Resources */,
			);
			buildRules = (
			);
			dependencies = (
				187842EF1FBF4C9B00DEFA51 /* PBXTargetDependency */,
			);
			name = twoUITests;
			productName = twoUITests;
			productReference = 187842ED1FBF4C9B00DEFA51 /* twoUITests.xctest */;
			productType = "com.apple.product-type.bundle.ui-testing";
		};
		18AAAB891FC34CD700AD41E5 /* nineteen */ = {
			isa = PBXNativeTarget;
			buildConfigurationList = 18AAAB991FC34CD700AD41E5 /* Build configuration list for PBXNativeTarget "nineteen" */;
			buildPhases = (
				18AAAB861FC34CD700AD41E5 /* Sources */,
				18AAAB871FC34CD700AD41E5 /* Frameworks */,
				18AAAB881FC34CD700AD41E5 /* Resources */,
			);
			buildRules = (
			);
			dependencies = (
			);
			name = nineteen;
			productName = nineteen;
			productReference = 18AAAB8A1FC34CD700AD41E5 /* nineteen.appex */;
			productType = "com.apple.product-type.app-extension";
		};
/* End PBXNativeTarget section */

/* Begin PBXProject section */
		187842C61FBF4C9B00DEFA51 /* Project object */ = {
			isa = PBXProject;
			attributes = {
				LastSwiftUpdateCheck = 0830;
				LastUpgradeCheck = 0830;
				ORGANIZATIONNAME = "陈欢";
				TargetAttributes = {
					187842CD1FBF4C9B00DEFA51 = {
						CreatedOnToolsVersion = 8.3.2;
						DevelopmentTeam = 9UYJE5TN25;
						ProvisioningStyle = Automatic;
						SystemCapabilities = {
							com.apple.ApplicationGroups.iOS = {
								enabled = 1;
							};
						};
					};
					187842E11FBF4C9B00DEFA51 = {
						CreatedOnToolsVersion = 8.3.2;
						DevelopmentTeam = 9UYJE5TN25;
						ProvisioningStyle = Automatic;
						TestTargetID = 187842CD1FBF4C9B00DEFA51;
					};
					187842EC1FBF4C9B00DEFA51 = {
						CreatedOnToolsVersion = 8.3.2;
						DevelopmentTeam = 9UYJE5TN25;
						ProvisioningStyle = Automatic;
						TestTargetID = 187842CD1FBF4C9B00DEFA51;
					};
					18AAAB891FC34CD700AD41E5 = {
						CreatedOnToolsVersion = 8.3.2;
						DevelopmentTeam = 9UYJE5TN25;
						ProvisioningStyle = Automatic;
						SystemCapabilities = {
							com.apple.ApplicationGroups.iOS = {
								enabled = 1;
							};
						};
					};
				};
			};
			buildConfigurationList = 187842C91FBF4C9B00DEFA51 /* Build configuration list for PBXProject "two" */;
			compatibilityVersion = "Xcode 3.2";
			developmentRegion = English;
			hasScannedForEncodings = 0;
			knownRegions = (
				en,
				Base,
			);
			mainGroup = 187842C51FBF4C9B00DEFA51;
			productRefGroup = 187842CF1FBF4C9B00DEFA51 /* Products */;
			projectDirPath = "";
			projectRoot = "";
			targets = (
				187842CD1FBF4C9B00DEFA51 /* two */,
				187842E11FBF4C9B00DEFA51 /* twoTests */,
				187842EC1FBF4C9B00DEFA51 /* twoUITests */,
				18AAAB891FC34CD700AD41E5 /* nineteen */,
			);
		};
/* End PBXProject section */

/* Begin PBXResourcesBuildPhase section */
		187842CC1FBF4C9B00DEFA51 /* Resources */ = {
			isa = PBXResourcesBuildPhase;
			buildActionMask = 2147483647;
			files = (
				187842DC1FBF4C9B00DEFA51 /* LaunchScreen.storyboard in Resources */,
				187842D91FBF4C9B00DEFA51 /* Assets.xcassets in Resources */,
				187842D71FBF4C9B00DEFA51 /* Main.storyboard in Resources */,
			);
			runOnlyForDeploymentPostprocessing = 0;
		};
		187842E01FBF4C9B00DEFA51 /* Resources */ = {
			isa = PBXResourcesBuildPhase;
			buildActionMask = 2147483647;
			files = (
			);
			runOnlyForDeploymentPostprocessing = 0;
		};
		187842EB1FBF4C9B00DEFA51 /* Resources */ = {
			isa = PBXResourcesBuildPhase;
			buildActionMask = 2147483647;
			files = (
			);
			runOnlyForDeploymentPostprocessing = 0;
		};
		18AAAB881FC34CD700AD41E5 /* Resources */ = {
			isa = PBXResourcesBuildPhase;
			buildActionMask = 2147483647;
			files = (
				18AAAB921FC34CD700AD41E5 /* MainInterface.storyboard in Resources */,
			);
			runOnlyForDeploymentPostprocessing = 0;
		};
/* End PBXResourcesBuildPhase section */

/* Begin PBXShellScriptBuildPhase section */
		55C889A7991BB635F2C084FD /* [CP] Embed Pods Frameworks */ = {
			isa = PBXShellScriptBuildPhase;
			buildActionMask = 2147483647;
			files = (
			);
			inputPaths = (
			);
			name = "[CP] Embed Pods Frameworks";
			outputPaths = (
			);
			runOnlyForDeploymentPostprocessing = 0;
			shellPath = /bin/sh;
			shellScript = "\"${SRCROOT}/Pods/Target Support Files/Pods-two/Pods-two-frameworks.sh\"\n";
			showEnvVarsInLog = 0;
		};
		6DFB482AA3EB20349E04CF1E /* [CP] Copy Pods Resources */ = {
			isa = PBXShellScriptBuildPhase;
			buildActionMask = 2147483647;
			files = (
			);
			inputPaths = (
			);
			name = "[CP] Copy Pods Resources";
			outputPaths = (
			);
			runOnlyForDeploymentPostprocessing = 0;
			shellPath = /bin/sh;
			shellScript = "\"${SRCROOT}/Pods/Target Support Files/Pods-two/Pods-two-resources.sh\"\n";
			showEnvVarsInLog = 0;
		};
		B419A1C541C2E0A12A51A866 /* [CP] Check Pods Manifest.lock */ = {
			isa = PBXShellScriptBuildPhase;
			buildActionMask = 2147483647;
			files = (
			);
			inputPaths = (
			);
			name = "[CP] Check Pods Manifest.lock";
			outputPaths = (
			);
			runOnlyForDeploymentPostprocessing = 0;
			shellPath = /bin/sh;
			shellScript = "diff \"${PODS_ROOT}/../Podfile.lock\" \"${PODS_ROOT}/Manifest.lock\" > /dev/null\nif [[ $? != 0 ]] ; then\n    cat << EOM\nerror: The sandbox is not in sync with the Podfile.lock. Run 'pod install' or update your CocoaPods installation.\nEOM\n    exit 1\nfi\n";
			showEnvVarsInLog = 0;
		};
/* End PBXShellScriptBuildPhase section */

/* Begin PBXSourcesBuildPhase section */
		187842CA1FBF4C9B00DEFA51 /* Sources */ = {
			isa = PBXSourcesBuildPhase;
			buildActionMask = 2147483647;
			files = (
				187842D41FBF4C9B00DEFA51 /* ViewController.swift in Sources */,
				187842D21FBF4C9B00DEFA51 /* AppDelegate.swift in Sources */,
			);
			runOnlyForDeploymentPostprocessing = 0;
		};
		187842DE1FBF4C9B00DEFA51 /* Sources */ = {
			isa = PBXSourcesBuildPhase;
			buildActionMask = 2147483647;
			files = (
				187842E71FBF4C9B00DEFA51 /* twoTests.swift in Sources */,
			);
			runOnlyForDeploymentPostprocessing = 0;
		};
		187842E91FBF4C9B00DEFA51 /* Sources */ = {
			isa = PBXSourcesBuildPhase;
			buildActionMask = 2147483647;
			files = (
				187842F21FBF4C9B00DEFA51 /* twoUITests.swift in Sources */,
			);
			runOnlyForDeploymentPostprocessing = 0;
		};
		18AAAB861FC34CD700AD41E5 /* Sources */ = {
			isa = PBXSourcesBuildPhase;
			buildActionMask = 2147483647;
			files = (
				18AAAB8F1FC34CD700AD41E5 /* TodayViewController.swift in Sources */,
			);
			runOnlyForDeploymentPostprocessing = 0;
		};
/* End PBXSourcesBuildPhase section */

/* Begin PBXTargetDependency section */
		187842E41FBF4C9B00DEFA51 /* PBXTargetDependency */ = {
			isa = PBXTargetDependency;
			target = 187842CD1FBF4C9B00DEFA51 /* two */;
			targetProxy = 187842E31FBF4C9B00DEFA51 /* PBXContainerItemProxy */;
		};
		187842EF1FBF4C9B00DEFA51 /* PBXTargetDependency */ = {
			isa = PBXTargetDependency;
			target = 187842CD1FBF4C9B00DEFA51 /* two */;
			targetProxy = 187842EE1FBF4C9B00DEFA51 /* PBXContainerItemProxy */;
		};
		18AAAB951FC34CD700AD41E5 /* PBXTargetDependency */ = {
			isa = PBXTargetDependency;
			target = 18AAAB891FC34CD700AD41E5 /* nineteen */;
			targetProxy = 18AAAB941FC34CD700AD41E5 /* PBXContainerItemProxy */;
		};
/* End PBXTargetDependency section */

/* Begin PBXVariantGroup section */
		187842D51FBF4C9B00DEFA51 /* Main.storyboard */ = {
			isa = PBXVariantGroup;
			children = (
				187842D61FBF4C9B00DEFA51 /* Base */,
			);
			name = Main.storyboard;
			sourceTree = "<group>";
		};
		187842DA1FBF4C9B00DEFA51 /* LaunchScreen.storyboard */ = {
			isa = PBXVariantGroup;
			children = (
				187842DB1FBF4C9B00DEFA51 /* Base */,
			);
			name = LaunchScreen.storyboard;
			sourceTree = "<group>";
		};
		18AAAB901FC34CD700AD41E5 /* MainInterface.storyboard */ = {
			isa = PBXVariantGroup;
			children = (
				18AAAB911FC34CD700AD41E5 /* Base */,
			);
			name = MainInterface.storyboard;
			sourceTree = "<group>";
		};
/* End PBXVariantGroup section */

/* Begin XCBuildConfiguration section */
		187842F41FBF4C9B00DEFA51 /* Debug */ = {
			isa = XCBuildConfiguration;
			buildSettings = {
				ALWAYS_SEARCH_USER_PATHS = NO;
				CLANG_ANALYZER_NONNULL = YES;
				CLANG_ANALYZER_NUMBER_OBJECT_CONVERSION = YES_AGGRESSIVE;
				CLANG_CXX_LANGUAGE_STANDARD = "gnu++0x";
				CLANG_CXX_LIBRARY = "libc++";
				CLANG_ENABLE_MODULES = YES;
				CLANG_ENABLE_OBJC_ARC = YES;
				CLANG_WARN_BOOL_CONVERSION = YES;
				CLANG_WARN_CONSTANT_CONVERSION = YES;
				CLANG_WARN_DIRECT_OBJC_ISA_USAGE = YES_ERROR;
				CLANG_WARN_DOCUMENTATION_COMMENTS = YES;
				CLANG_WARN_EMPTY_BODY = YES;
				CLANG_WARN_ENUM_CONVERSION = YES;
				CLANG_WARN_INFINITE_RECURSION = YES;
				CLANG_WARN_INT_CONVERSION = YES;
				CLANG_WARN_OBJC_ROOT_CLASS = YES_ERROR;
				CLANG_WARN_SUSPICIOUS_MOVE = YES;
				CLANG_WARN_UNREACHABLE_CODE = YES;
				CLANG_WARN__DUPLICATE_METHOD_MATCH = YES;
				"CODE_SIGN_IDENTITY[sdk=iphoneos*]" = "iPhone Developer";
				COPY_PHASE_STRIP = NO;
				DEBUG_INFORMATION_FORMAT = dwarf;
				ENABLE_STRICT_OBJC_MSGSEND = YES;
				ENABLE_TESTABILITY = YES;
				GCC_C_LANGUAGE_STANDARD = gnu99;
				GCC_DYNAMIC_NO_PIC = NO;
				GCC_NO_COMMON_BLOCKS = YES;
				GCC_OPTIMIZATION_LEVEL = 0;
				GCC_PREPROCESSOR_DEFINITIONS = (
					"DEBUG=1",
					"$(inherited)",
				);
				GCC_WARN_64_TO_32_BIT_CONVERSION = YES;
				GCC_WARN_ABOUT_RETURN_TYPE = YES_ERROR;
				GCC_WARN_UNDECLARED_SELECTOR = YES;
				GCC_WARN_UNINITIALIZED_AUTOS = YES_AGGRESSIVE;
				GCC_WARN_UNUSED_FUNCTION = YES;
				GCC_WARN_UNUSED_VARIABLE = YES;
				IPHONEOS_DEPLOYMENT_TARGET = 10.3;
				MTL_ENABLE_DEBUG_INFO = YES;
				ONLY_ACTIVE_ARCH = YES;
				SDKROOT = iphoneos;
				SWIFT_ACTIVE_COMPILATION_CONDITIONS = DEBUG;
				SWIFT_OPTIMIZATION_LEVEL = "-Onone";
			};
			name = Debug;
		};
		187842F51FBF4C9B00DEFA51 /* Release */ = {
			isa = XCBuildConfiguration;
			buildSettings = {
				ALWAYS_SEARCH_USER_PATHS = NO;
				CLANG_ANALYZER_NONNULL = YES;
				CLANG_ANALYZER_NUMBER_OBJECT_CONVERSION = YES_AGGRESSIVE;
				CLANG_CXX_LANGUAGE_STANDARD = "gnu++0x";
				CLANG_CXX_LIBRARY = "libc++";
				CLANG_ENABLE_MODULES = YES;
				CLANG_ENABLE_OBJC_ARC = YES;
				CLANG_WARN_BOOL_CONVERSION = YES;
				CLANG_WARN_CONSTANT_CONVERSION = YES;
				CLANG_WARN_DIRECT_OBJC_ISA_USAGE = YES_ERROR;
				CLANG_WARN_DOCUMENTATION_COMMENTS = YES;
				CLANG_WARN_EMPTY_BODY = YES;
				CLANG_WARN_ENUM_CONVERSION = YES;
				CLANG_WARN_INFINITE_RECURSION = YES;
				CLANG_WARN_INT_CONVERSION = YES;
				CLANG_WARN_OBJC_ROOT_CLASS = YES_ERROR;
				CLANG_WARN_SUSPICIOUS_MOVE = YES;
				CLANG_WARN_UNREACHABLE_CODE = YES;
				CLANG_WARN__DUPLICATE_METHOD_MATCH = YES;
				"CODE_SIGN_IDENTITY[sdk=iphoneos*]" = "iPhone Developer";
				COPY_PHASE_STRIP = NO;
				DEBUG_INFORMATION_FORMAT = "dwarf-with-dsym";
				ENABLE_NS_ASSERTIONS = NO;
				ENABLE_STRICT_OBJC_MSGSEND = YES;
				GCC_C_LANGUAGE_STANDARD = gnu99;
				GCC_NO_COMMON_BLOCKS = YES;
				GCC_WARN_64_TO_32_BIT_CONVERSION = YES;
				GCC_WARN_ABOUT_RETURN_TYPE = YES_ERROR;
				GCC_WARN_UNDECLARED_SELECTOR = YES;
				GCC_WARN_UNINITIALIZED_AUTOS = YES_AGGRESSIVE;
				GCC_WARN_UNUSED_FUNCTION = YES;
				GCC_WARN_UNUSED_VARIABLE = YES;
				IPHONEOS_DEPLOYMENT_TARGET = 10.3;
				MTL_ENABLE_DEBUG_INFO = NO;
				SDKROOT = iphoneos;
				SWIFT_OPTIMIZATION_LEVEL = "-Owholemodule";
				VALIDATE_PRODUCT = YES;
			};
			name = Release;
		};
		187842F71FBF4C9B00DEFA51 /* Debug */ = {
			isa = XCBuildConfiguration;
			baseConfigurationReference = 1DDB5D8E4AE0278AAEB8C295 /* Pods-two.debug.xcconfig */;
			buildSettings = {
				ALWAYS_EMBED_SWIFT_STANDARD_LIBRARIES = YES;
				ASSETCATALOG_COMPILER_APPICON_NAME = AppIcon;
				CODE_SIGN_ENTITLEMENTS = two/two.entitlements;
				DEVELOPMENT_TEAM = 9UYJE5TN25;
				INFOPLIST_FILE = two/Info.plist;
				LD_RUNPATH_SEARCH_PATHS = "$(inherited) @executable_path/Frameworks";
				PRODUCT_BUNDLE_IDENTIFIER = matcha00.me.two;
				PRODUCT_NAME = "$(TARGET_NAME)";
				SWIFT_VERSION = 3.0;
			};
			name = Debug;
		};
		187842F81FBF4C9B00DEFA51 /* Release */ = {
			isa = XCBuildConfiguration;
			baseConfigurationReference = 99C4CA9A0AC814134EF0A961 /* Pods-two.release.xcconfig */;
			buildSettings = {
				ALWAYS_EMBED_SWIFT_STANDARD_LIBRARIES = YES;
				ASSETCATALOG_COMPILER_APPICON_NAME = AppIcon;
				CODE_SIGN_ENTITLEMENTS = two/two.entitlements;
				DEVELOPMENT_TEAM = 9UYJE5TN25;
				INFOPLIST_FILE = two/Info.plist;
				LD_RUNPATH_SEARCH_PATHS = "$(inherited) @executable_path/Frameworks";
				PRODUCT_BUNDLE_IDENTIFIER = matcha00.me.two;
				PRODUCT_NAME = "$(TARGET_NAME)";
				SWIFT_VERSION = 3.0;
			};
			name = Release;
		};
		187842FA1FBF4C9B00DEFA51 /* Debug */ = {
			isa = XCBuildConfiguration;
			buildSettings = {
				ALWAYS_EMBED_SWIFT_STANDARD_LIBRARIES = YES;
				BUNDLE_LOADER = "$(TEST_HOST)";
				DEVELOPMENT_TEAM = 9UYJE5TN25;
				INFOPLIST_FILE = twoTests/Info.plist;
				LD_RUNPATH_SEARCH_PATHS = "$(inherited) @executable_path/Frameworks @loader_path/Frameworks";
				PRODUCT_BUNDLE_IDENTIFIER = matcha00.me.twoTests;
				PRODUCT_NAME = "$(TARGET_NAME)";
				SWIFT_VERSION = 3.0;
				TEST_HOST = "$(BUILT_PRODUCTS_DIR)/two.app/two";
			};
			name = Debug;
		};
		187842FB1FBF4C9B00DEFA51 /* Release */ = {
			isa = XCBuildConfiguration;
			buildSettings = {
				ALWAYS_EMBED_SWIFT_STANDARD_LIBRARIES = YES;
				BUNDLE_LOADER = "$(TEST_HOST)";
				DEVELOPMENT_TEAM = 9UYJE5TN25;
				INFOPLIST_FILE = twoTests/Info.plist;
				LD_RUNPATH_SEARCH_PATHS = "$(inherited) @executable_path/Frameworks @loader_path/Frameworks";
				PRODUCT_BUNDLE_IDENTIFIER = matcha00.me.twoTests;
				PRODUCT_NAME = "$(TARGET_NAME)";
				SWIFT_VERSION = 3.0;
				TEST_HOST = "$(BUILT_PRODUCTS_DIR)/two.app/two";
			};
			name = Release;
		};
		187842FD1FBF4C9B00DEFA51 /* Debug */ = {
			isa = XCBuildConfiguration;
			buildSettings = {
				ALWAYS_EMBED_SWIFT_STANDARD_LIBRARIES = YES;
				DEVELOPMENT_TEAM = 9UYJE5TN25;
				INFOPLIST_FILE = twoUITests/Info.plist;
				LD_RUNPATH_SEARCH_PATHS = "$(inherited) @executable_path/Frameworks @loader_path/Frameworks";
				PRODUCT_BUNDLE_IDENTIFIER = matcha00.me.twoUITests;
				PRODUCT_NAME = "$(TARGET_NAME)";
				SWIFT_VERSION = 3.0;
				TEST_TARGET_NAME = two;
			};
			name = Debug;
		};
		187842FE1FBF4C9B00DEFA51 /* Release */ = {
			isa = XCBuildConfiguration;
			buildSettings = {
				ALWAYS_EMBED_SWIFT_STANDARD_LIBRARIES = YES;
				DEVELOPMENT_TEAM = 9UYJE5TN25;
				INFOPLIST_FILE = twoUITests/Info.plist;
				LD_RUNPATH_SEARCH_PATHS = "$(inherited) @executable_path/Frameworks @loader_path/Frameworks";
				PRODUCT_BUNDLE_IDENTIFIER = matcha00.me.twoUITests;
				PRODUCT_NAME = "$(TARGET_NAME)";
				SWIFT_VERSION = 3.0;
				TEST_TARGET_NAME = two;
			};
			name = Release;
		};
		18AAAB971FC34CD700AD41E5 /* Debug */ = {
			isa = XCBuildConfiguration;
			buildSettings = {
				CODE_SIGN_ENTITLEMENTS = nineteen/nineteen.entitlements;
				DEVELOPMENT_TEAM = 9UYJE5TN25;
				INFOPLIST_FILE = nineteen/Info.plist;
				LD_RUNPATH_SEARCH_PATHS = "$(inherited) @executable_path/Frameworks @executable_path/../../Frameworks";
				PRODUCT_BUNDLE_IDENTIFIER = matcha00.me.two.nineteen;
				PRODUCT_NAME = "$(TARGET_NAME)";
				SKIP_INSTALL = YES;
				SWIFT_VERSION = 3.0;
			};
			name = Debug;
		};
		18AAAB981FC34CD700AD41E5 /* Release */ = {
			isa = XCBuildConfiguration;
			buildSettings = {
				CODE_SIGN_ENTITLEMENTS = nineteen/nineteen.entitlements;
				DEVELOPMENT_TEAM = 9UYJE5TN25;
				INFOPLIST_FILE = nineteen/Info.plist;
				LD_RUNPATH_SEARCH_PATHS = "$(inherited) @executable_path/Frameworks @executable_path/../../Frameworks";
				PRODUCT_BUNDLE_IDENTIFIER = matcha00.me.two.nineteen;
				PRODUCT_NAME = "$(TARGET_NAME)";
				SKIP_INSTALL = YES;
				SWIFT_VERSION = 3.0;
			};
			name = Release;
		};
/* End XCBuildConfiguration section */

/* Begin XCConfigurationList section */
		187842C91FBF4C9B00DEFA51 /* Build configuration list for PBXProject "two" */ = {
			isa = XCConfigurationList;
			buildConfigurations = (
				187842F41FBF4C9B00DEFA51 /* Debug */,
				187842F51FBF4C9B00DEFA51 /* Release */,
			);
			defaultConfigurationIsVisible = 0;
			defaultConfigurationName = Release;
		};
		187842F61FBF4C9B00DEFA51 /* Build configuration list for PBXNativeTarget "two" */ = {
			isa = XCConfigurationList;
			buildConfigurations = (
				187842F71FBF4C9B00DEFA51 /* Debug */,
				187842F81FBF4C9B00DEFA51 /* Release */,
			);
			defaultConfigurationIsVisible = 0;
			defaultConfigurationName = Release;
		};
		187842F91FBF4C9B00DEFA51 /* Build configuration list for PBXNativeTarget "twoTests" */ = {
			isa = XCConfigurationList;
			buildConfigurations = (
				187842FA1FBF4C9B00DEFA51 /* Debug */,
				187842FB1FBF4C9B00DEFA51 /* Release */,
			);
			defaultConfigurationIsVisible = 0;
			defaultConfigurationName = Release;
		};
		187842FC1FBF4C9B00DEFA51 /* Build configuration list for PBXNativeTarget "twoUITests" */ = {
			isa = XCConfigurationList;
			buildConfigurations = (
				187842FD1FBF4C9B00DEFA51 /* Debug */,
				187842FE1FBF4C9B00DEFA51 /* Release */,
			);
			defaultConfigurationIsVisible = 0;
			defaultConfigurationName = Release;
		};
		18AAAB991FC34CD700AD41E5 /* Build configuration list for PBXNativeTarget "nineteen" */ = {
			isa = XCConfigurationList;
			buildConfigurations = (
				18AAAB971FC34CD700AD41E5 /* Debug */,
				18AAAB981FC34CD700AD41E5 /* Release */,
			);
			defaultConfigurationIsVisible = 0;
		};
/* End XCConfigurationList section */
	};
	rootObject = 187842C61FBF4C9B00DEFA51 /* Project object */;
}
